
Microsoft Visual Studio Solution File, Format Version 12.00
# Visual Studio 15
VisualStudioVersion = 15.0.27130.2036
MinimumVisualStudioVersion = 10.0.40219.1
Project("{E24C65DC-7377-472B-9ABA-BC803B73C61A}") = "AlexPedro-GraphicsWeek3Assignment", "AlexPedro-GraphicsWeek3Assignment\", "{3022AC8A-A35D-4F28-9DA0-0A15327AA1EA}"
	ProjectSection(WebsiteProperties) = preProject
		TargetFrameworkMoniker = ".NETFramework,Version%3Dv4.5"
		Debug.AspNetCompiler.VirtualPath = "/localhost_59853"
		Debug.AspNetCompiler.PhysicalPath = "AlexPedro-GraphicsWeek3Assignment\"
		Debug.AspNetCompiler.TargetPath = "PrecompiledWeb\localhost_59853\"
		Debug.AspNetCompiler.Updateable = "true"
		Debug.AspNetCompiler.ForceOverwrite = "true"
		Debug.AspNetCompiler.FixedNames = "false"
		Debug.AspNetCompiler.Debug = "True"
		Release.AspNetCompiler.VirtualPath = "/localhost_59853"
		Release.AspNetCompiler.PhysicalPath = "AlexPedro-GraphicsWeek3Assignment\"
		Release.AspNetCompiler.TargetPath = "PrecompiledWeb\localhost_59853\"
		Release.AspNetCompiler.Updateable = "true"
		Release.AspNetCompiler.ForceOverwrite = "true"
		Release.AspNetCompiler.FixedNames = "false"
		Release.AspNetCompiler.Debug = "False"
		VWDPort = "59853"
		SlnRelativePath = "AlexPedro-GraphicsWeek3Assignment\"
		DefaultWebSiteLanguage = "Visual C#"
	EndProjectSection
EndProject
Global
	GlobalSection(SolutionConfigurationPlatforms) = preSolution
		Debug|Any CPU = Debug|Any CPU
	EndGlobalSection
	GlobalSection(ProjectConfigurationPlatforms) = postSolution
		{3022AC8A-A35D-4F28-9DA0-0A15327AA1EA}.Debug|Any CPU.ActiveCfg = Debug|Any CPU
		{3022AC8A-A35D-4F28-9DA0-0A15327AA1EA}.Debug|Any CPU.Build.0 = Debug|Any CPU
	EndGlobalSection
	GlobalSection(SolutionProperties) = preSolution
		HideSolutionNode = FALSE
	EndGlobalSection
	GlobalSection(ExtensibilityGlobals) = postSolution
		SolutionGuid = {5D9409E1-D57E-4252-813F-AC6832C10EF9}
	EndGlobalSection
EndGlobal
